
Microsoft Visual Studio Solution File, Format Version 12.00
# Visual Studio 2013
VisualStudioVersion = 12.0.40629.0
MinimumVisualStudioVersion = 10.0.40219.1
Project("{FAE04EC0-301F-11D3-BF4B-00C04F79EFBC}") = "WebApiStarter", "WebApiStarter\WebApiStarter.csproj", "{9CA28DFD-DEF2-480E-A08D-49A6DC589B79}"
EndProject
Project("{2150E333-8FDC-42A3-9474-1A3956D46DE8}") = "Solution Items", "Solution Items", "{CA743F91-1C31-4FDE-88FD-2BA7481D3254}"
	ProjectSection(SolutionItems) = preProject
		.gitignore = .gitignore
		README.md = README.md
	EndProjectSection
EndProject
Project("{FAE04EC0-301F-11D3-BF4B-00C04F79EFBC}") = "WebApiStarter.AcceptanceTests", "WebApiStarter.AcceptanceTests\WebApiStarter.AcceptanceTests.csproj", "{791C1A47-A5E1-4124-A597-0991F109F0BD}"
EndProject
Global
	GlobalSection(SolutionConfigurationPlatforms) = preSolution
		Debug|Any CPU = Debug|Any CPU
		Release|Any CPU = Release|Any CPU
	EndGlobalSection
	GlobalSection(ProjectConfigurationPlatforms) = postSolution
		{9CA28DFD-DEF2-480E-A08D-49A6DC589B79}.Debug|Any CPU.ActiveCfg = Debug|Any CPU
		{9CA28DFD-DEF2-480E-A08D-49A6DC589B79}.Debug|Any CPU.Build.0 = Debug|Any CPU
		{9CA28DFD-DEF2-480E-A08D-49A6DC589B79}.Release|Any CPU.ActiveCfg = Release|Any CPU
		{9CA28DFD-DEF2-480E-A08D-49A6DC589B79}.Release|Any CPU.Build.0 = Release|Any CPU
		{791C1A47-A5E1-4124-A597-0991F109F0BD}.Debug|Any CPU.ActiveCfg = Debug|Any CPU
		{791C1A47-A5E1-4124-A597-0991F109F0BD}.Debug|Any CPU.Build.0 = Debug|Any CPU
		{791C1A47-A5E1-4124-A597-0991F109F0BD}.Release|Any CPU.ActiveCfg = Release|Any CPU
		{791C1A47-A5E1-4124-A597-0991F109F0BD}.Release|Any CPU.Build.0 = Release|Any CPU
	EndGlobalSection
	GlobalSection(SolutionProperties) = preSolution
		HideSolutionNode = FALSE
	EndGlobalSection
EndGlobal
